
Microsoft Visual Studio Solution File, Format Version 12.00
# Visual Studio Version 17
VisualStudioVersion = 17.14.36408.4 d17.14
MinimumVisualStudioVersion = 10.0.40219.1
Project("{FAE04EC0-301F-11D3-BF4B-00C04F79EFBC}") = "Assignment 7.2.1", "Assignment 7.2.1.csproj", "{2CDD4217-ACBF-4D36-9799-08680C37028F}"
EndProject
Global
	GlobalSection(SolutionConfigurationPlatforms) = preSolution
		Debug|Any CPU = Debug|Any CPU
		Release|Any CPU = Release|Any CPU
	EndGlobalSection
	GlobalSection(ProjectConfigurationPlatforms) = postSolution
		{2CDD4217-ACBF-4D36-9799-08680C37028F}.Debug|Any CPU.ActiveCfg = Debug|Any CPU
		{2CDD4217-ACBF-4D36-9799-08680C37028F}.Debug|Any CPU.Build.0 = Debug|Any CPU
		{2CDD4217-ACBF-4D36-9799-08680C37028F}.Release|Any CPU.ActiveCfg = Release|Any CPU
		{2CDD4217-ACBF-4D36-9799-08680C37028F}.Release|Any CPU.Build.0 = Release|Any CPU
	EndGlobalSection
	GlobalSection(SolutionProperties) = preSolution
		HideSolutionNode = FALSE
	EndGlobalSection
	GlobalSection(ExtensibilityGlobals) = postSolution
		SolutionGuid = {FD340C61-AB87-4A53-93C5-6C807DD8A14E}
	EndGlobalSection
EndGlobal
